
Microsoft Visual Studio Solution File, Format Version 12.00
# Visual Studio 15
VisualStudioVersion = 15.0.28307.1340
MinimumVisualStudioVersion = 10.0.40219.1
Project("{FAE04EC0-301F-11D3-BF4B-00C04F79EFBC}") = "SSOLogin", "SSOLogin\SSOLogin.csproj", "{FDE00510-16DE-4977-9883-2784D6117D9F}"
EndProject
Global
	GlobalSection(SolutionConfigurationPlatforms) = preSolution
		Debug|Any CPU = Debug|Any CPU
		Release|Any CPU = Release|Any CPU
	EndGlobalSection
	GlobalSection(ProjectConfigurationPlatforms) = postSolution
		{FDE00510-16DE-4977-9883-2784D6117D9F}.Debug|Any CPU.ActiveCfg = Debug|Any CPU
		{FDE00510-16DE-4977-9883-2784D6117D9F}.Debug|Any CPU.Build.0 = Debug|Any CPU
		{FDE00510-16DE-4977-9883-2784D6117D9F}.Release|Any CPU.ActiveCfg = Release|Any CPU
		{FDE00510-16DE-4977-9883-2784D6117D9F}.Release|Any CPU.Build.0 = Release|Any CPU
	EndGlobalSection
	GlobalSection(SolutionProperties) = preSolution
		HideSolutionNode = FALSE
	EndGlobalSection
	GlobalSection(ExtensibilityGlobals) = postSolution
		SolutionGuid = {BEF7A306-9B0D-44F1-AEDF-412AF9B00A82}
	EndGlobalSection
EndGlobal
